
Microsoft Visual Studio Solution File, Format Version 12.00
# Visual Studio 15
Project("{FAE04EC0-301F-11D3-BF4B-00C04F79EFBC}") = "SearchCLI", "SearchCLI\SearchCLI.csproj", "{FA48E53F-F9F2-4093-A4FA-EE7DCEC3B6DA}"
EndProject
Project("{FAE04EC0-301F-11D3-BF4B-00C04F79EFBC}") = "SearchCLI.Tests", "SearchCLI.Tests\SearchCLI.Tests.csproj", "{68DC460F-2D9E-42AE-B6BF-10954AB11D69}"
EndProject
Global
	GlobalSection(SolutionConfigurationPlatforms) = preSolution
		Debug|Any CPU = Debug|Any CPU
		Release|Any CPU = Release|Any CPU
	EndGlobalSection
	GlobalSection(ProjectConfigurationPlatforms) = postSolution
		{FA48E53F-F9F2-4093-A4FA-EE7DCEC3B6DA}.Debug|Any CPU.ActiveCfg = Debug|Any CPU
		{FA48E53F-F9F2-4093-A4FA-EE7DCEC3B6DA}.Debug|Any CPU.Build.0 = Debug|Any CPU
		{FA48E53F-F9F2-4093-A4FA-EE7DCEC3B6DA}.Release|Any CPU.ActiveCfg = Release|Any CPU
		{FA48E53F-F9F2-4093-A4FA-EE7DCEC3B6DA}.Release|Any CPU.Build.0 = Release|Any CPU
		{68DC460F-2D9E-42AE-B6BF-10954AB11D69}.Debug|Any CPU.ActiveCfg = Debug|Any CPU
		{68DC460F-2D9E-42AE-B6BF-10954AB11D69}.Debug|Any CPU.Build.0 = Debug|Any CPU
		{68DC460F-2D9E-42AE-B6BF-10954AB11D69}.Release|Any CPU.ActiveCfg = Release|Any CPU
		{68DC460F-2D9E-42AE-B6BF-10954AB11D69}.Release|Any CPU.Build.0 = Release|Any CPU
	EndGlobalSection
EndGlobal
